Microsoft Visual Studio Solution File, Format Version 11.00
# Visual Studio 2008

Project("{F3ED2994-1267-6672-8753-5C361BE540E1}") = "SG4AdultsUnity4", "Assembly-CSharp.csproj", "{44E7FE6F-9BE4-786F-D9F1-379758D48E94}"
EndProject
Global
	GlobalSection(SolutionConfigurationPlatforms) = preSolution
		Debug|Any CPU = Debug|Any CPU
		Release|Any CPU = Release|Any CPU
	EndGlobalSection
	GlobalSection(ProjectConfigurationPlatforms) = postSolution
		{44E7FE6F-9BE4-786F-D9F1-379758D48E94}.Debug|Any CPU.ActiveCfg = Debug|Any CPU
		{44E7FE6F-9BE4-786F-D9F1-379758D48E94}.Debug|Any CPU.Build.0 = Debug|Any CPU
		{44E7FE6F-9BE4-786F-D9F1-379758D48E94}.Release|Any CPU.ActiveCfg = Release|Any CPU
		{44E7FE6F-9BE4-786F-D9F1-379758D48E94}.Release|Any CPU.Build.0 = Release|Any CPU
	EndGlobalSection
	GlobalSection(SolutionProperties) = preSolution
		HideSolutionNode = FALSE
	EndGlobalSection
																																																																																																																																																																																																												GlobalSection(MonoDevelopProperties) = preSolution
		StartupItem = Assembly-CSharp.csproj
		Policies = $0
		$0.TextStylePolicy = $1
		$1.inheritsSet = null
		$1.scope = text/x-csharp
		$0.CSharpFormattingPolicy = $2
		$2.inheritsSet = Mono
		$2.inheritsScope = text/x-csharp
		$2.scope = text/x-csharp
		$0.TextStylePolicy = $3
		$3.FileWidth = 120
		$3.TabWidth = 4
		$3.IndentWidth = 4
		$3.EolMarker = Unix
		$3.inheritsSet = Mono
		$3.inheritsScope = text/plain
		$3.scope = text/plain
	EndGlobalSection

EndGlobal
